
Microsoft Visual Studio Solution File, Format Version 12.00
# Visual Studio Version 17
VisualStudioVersion = 17.2.32505.173
MinimumVisualStudioVersion = 10.0.40219.1
Project("{FAE04EC0-301F-11D3-BF4B-00C04F79EFBC}") = "ej2", "ej2\ej2.csproj", "{C3A7833B-CF41-45E9-9AF7-1484977FFE19}"
EndProject
Global
	GlobalSection(SolutionConfigurationPlatforms) = preSolution
		Debug|Any CPU = Debug|Any CPU
		Release|Any CPU = Release|Any CPU
	EndGlobalSection
	GlobalSection(ProjectConfigurationPlatforms) = postSolution
		{C3A7833B-CF41-45E9-9AF7-1484977FFE19}.Debug|Any CPU.ActiveCfg = Debug|Any CPU
		{C3A7833B-CF41-45E9-9AF7-1484977FFE19}.Debug|Any CPU.Build.0 = Debug|Any CPU
		{C3A7833B-CF41-45E9-9AF7-1484977FFE19}.Release|Any CPU.ActiveCfg = Release|Any CPU
		{C3A7833B-CF41-45E9-9AF7-1484977FFE19}.Release|Any CPU.Build.0 = Release|Any CPU
	EndGlobalSection
	GlobalSection(SolutionProperties) = preSolution
		HideSolutionNode = FALSE
	EndGlobalSection
	GlobalSection(ExtensibilityGlobals) = postSolution
		SolutionGuid = {7D0E6F8A-6A4F-4131-B5C9-C2B1A8379593}
	EndGlobalSection
EndGlobal
